
Microsoft Visual Studio Solution File, Format Version 12.00
# Visual Studio 15
VisualStudioVersion = 15.0.27703.2000
MinimumVisualStudioVersion = 10.0.40219.1
Project("{FAE04EC0-301F-11D3-BF4B-00C04F79EFBC}") = "MistrzowieWynajmu", "MistrzowieWynajmu\MistrzowieWynajmu.csproj", "{A9EFFE9A-FB78-4E1E-BA7B-88CF8CB78BB4}"
EndProject
Global
	GlobalSection(SolutionConfigurationPlatforms) = preSolution
		Debug|Any CPU = Debug|Any CPU
		Release|Any CPU = Release|Any CPU
	EndGlobalSection
	GlobalSection(ProjectConfigurationPlatforms) = postSolution
		{A9EFFE9A-FB78-4E1E-BA7B-88CF8CB78BB4}.Debug|Any CPU.ActiveCfg = Debug|Any CPU
		{A9EFFE9A-FB78-4E1E-BA7B-88CF8CB78BB4}.Debug|Any CPU.Build.0 = Debug|Any CPU
		{A9EFFE9A-FB78-4E1E-BA7B-88CF8CB78BB4}.Release|Any CPU.ActiveCfg = Release|Any CPU
		{A9EFFE9A-FB78-4E1E-BA7B-88CF8CB78BB4}.Release|Any CPU.Build.0 = Release|Any CPU
	EndGlobalSection
	GlobalSection(SolutionProperties) = preSolution
		HideSolutionNode = FALSE
	EndGlobalSection
	GlobalSection(ExtensibilityGlobals) = postSolution
		SolutionGuid = {C8AB5443-00A9-4A0F-A3F3-9887971FF6B4}
	EndGlobalSection
EndGlobal
